
Microsoft Visual Studio Solution File, Format Version 12.00
# Visual Studio Version 17
VisualStudioVersion = 17.1.32421.90
MinimumVisualStudioVersion = 10.0.40219.1
Project("{2150E333-8FDC-42A3-9474-1A3956D46DE8}") = "Modules", "Modules", "{92A38728-E6F0-43A1-A579-65508C9045AA}"
EndProject
Project("{2150E333-8FDC-42A3-9474-1A3956D46DE8}") = "Clients", "Clients", "{9717CE5F-6F9A-426F-99B1-E964496E90B7}"
EndProject
Project("{9A19103F-16F7-4668-BE54-9A1E7A4F7556}") = "Dottex.Kalypso.Module", "Kalypso\Kalypso.Module\Dottex.Kalypso.Module.csproj", "{3B25168E-B9A6-42FE-96AA-CADC204AEC7D}"
EndProject
Project("{9A19103F-16F7-4668-BE54-9A1E7A4F7556}") = "Dottex.Kalypso.Server", "Kalypso\Kalypso.Server\Dottex.Kalypso.Server.csproj", "{49806677-90F6-4715-A1D1-9AB777EC154A}"
EndProject
Project("{9A19103F-16F7-4668-BE54-9A1E7A4F7556}") = "KrakenThreeApi", "Clients\KrakenThreeApi\KrakenThreeApi.csproj", "{868634E9-EFDE-4325-8532-706CC2191C04}"
EndProject
Project("{9A19103F-16F7-4668-BE54-9A1E7A4F7556}") = "AccessControl", "Modules\AccessControl\AccessControl.csproj", "{39088B2B-52BA-4E0A-9B8D-B02050023480}"
EndProject
Project("{9A19103F-16F7-4668-BE54-9A1E7A4F7556}") = "Dottex.Kalypso.Domain", "Kalypso\Kalypso.Domain\Dottex.Kalypso.Domain.csproj", "{E9EDB57C-3066-4C35-AD07-55800AA11ED8}"
EndProject
Project("{9A19103F-16F7-4668-BE54-9A1E7A4F7556}") = "Dottex.Domain.Repository.InMemory", "Kalypso\Domain.Repository.InMemory\Dottex.Domain.Repository.InMemory.csproj", "{14043130-526F-476F-B43F-BCCBFF1E28D0}"
EndProject
Project("{9A19103F-16F7-4668-BE54-9A1E7A4F7556}") = "Dottex.Domain.Repository.EntityFrameworkCore", "Kalypso\Domain.Repository.EntityFrameworkCore\Dottex.Domain.Repository.EntityFrameworkCore.csproj", "{70628596-28AB-4865-80EC-85994E0A8F50}"
EndProject
Project("{2150E333-8FDC-42A3-9474-1A3956D46DE8}") = "Kalypso", "Kalypso", "{F699EA9E-A548-4702-8C60-090B0B770D46}"
EndProject
Project("{9A19103F-16F7-4668-BE54-9A1E7A4F7556}") = "KalypsoApi", "Clients\KalypsoApi\KalypsoApi.csproj", "{73B4675E-5942-4DC8-8E86-18BBA5ED6DCF}"
EndProject
Global
	GlobalSection(SolutionConfigurationPlatforms) = preSolution
		Debug|Any CPU = Debug|Any CPU
		Release|Any CPU = Release|Any CPU
	EndGlobalSection
	GlobalSection(ProjectConfigurationPlatforms) = postSolution
		{3B25168E-B9A6-42FE-96AA-CADC204AEC7D}.Debug|Any CPU.ActiveCfg = Debug|Any CPU
		{3B25168E-B9A6-42FE-96AA-CADC204AEC7D}.Debug|Any CPU.Build.0 = Debug|Any CPU
		{3B25168E-B9A6-42FE-96AA-CADC204AEC7D}.Release|Any CPU.ActiveCfg = Release|Any CPU
		{3B25168E-B9A6-42FE-96AA-CADC204AEC7D}.Release|Any CPU.Build.0 = Release|Any CPU
		{49806677-90F6-4715-A1D1-9AB777EC154A}.Debug|Any CPU.ActiveCfg = Debug|Any CPU
		{49806677-90F6-4715-A1D1-9AB777EC154A}.Debug|Any CPU.Build.0 = Debug|Any CPU
		{49806677-90F6-4715-A1D1-9AB777EC154A}.Release|Any CPU.ActiveCfg = Release|Any CPU
		{49806677-90F6-4715-A1D1-9AB777EC154A}.Release|Any CPU.Build.0 = Release|Any CPU
		{868634E9-EFDE-4325-8532-706CC2191C04}.Debug|Any CPU.ActiveCfg = Debug|Any CPU
		{868634E9-EFDE-4325-8532-706CC2191C04}.Debug|Any CPU.Build.0 = Debug|Any CPU
		{868634E9-EFDE-4325-8532-706CC2191C04}.Release|Any CPU.ActiveCfg = Release|Any CPU
		{868634E9-EFDE-4325-8532-706CC2191C04}.Release|Any CPU.Build.0 = Release|Any CPU
		{39088B2B-52BA-4E0A-9B8D-B02050023480}.Debug|Any CPU.ActiveCfg = Debug|Any CPU
		{39088B2B-52BA-4E0A-9B8D-B02050023480}.Debug|Any CPU.Build.0 = Debug|Any CPU
		{39088B2B-52BA-4E0A-9B8D-B02050023480}.Release|Any CPU.ActiveCfg = Release|Any CPU
		{39088B2B-52BA-4E0A-9B8D-B02050023480}.Release|Any CPU.Build.0 = Release|Any CPU
		{E9EDB57C-3066-4C35-AD07-55800AA11ED8}.Debug|Any CPU.ActiveCfg = Debug|Any CPU
		{E9EDB57C-3066-4C35-AD07-55800AA11ED8}.Debug|Any CPU.Build.0 = Debug|Any CPU
		{E9EDB57C-3066-4C35-AD07-55800AA11ED8}.Release|Any CPU.ActiveCfg = Release|Any CPU
		{E9EDB57C-3066-4C35-AD07-55800AA11ED8}.Release|Any CPU.Build.0 = Release|Any CPU
		{14043130-526F-476F-B43F-BCCBFF1E28D0}.Debug|Any CPU.ActiveCfg = Debug|Any CPU
		{14043130-526F-476F-B43F-BCCBFF1E28D0}.Debug|Any CPU.Build.0 = Debug|Any CPU
		{14043130-526F-476F-B43F-BCCBFF1E28D0}.Release|Any CPU.ActiveCfg = Release|Any CPU
		{14043130-526F-476F-B43F-BCCBFF1E28D0}.Release|Any CPU.Build.0 = Release|Any CPU
		{70628596-28AB-4865-80EC-85994E0A8F50}.Debug|Any CPU.ActiveCfg = Debug|Any CPU
		{70628596-28AB-4865-80EC-85994E0A8F50}.Debug|Any CPU.Build.0 = Debug|Any CPU
		{70628596-28AB-4865-80EC-85994E0A8F50}.Release|Any CPU.ActiveCfg = Release|Any CPU
		{70628596-28AB-4865-80EC-85994E0A8F50}.Release|Any CPU.Build.0 = Release|Any CPU
		{73B4675E-5942-4DC8-8E86-18BBA5ED6DCF}.Debug|Any CPU.ActiveCfg = Debug|Any CPU
		{73B4675E-5942-4DC8-8E86-18BBA5ED6DCF}.Debug|Any CPU.Build.0 = Debug|Any CPU
		{73B4675E-5942-4DC8-8E86-18BBA5ED6DCF}.Release|Any CPU.ActiveCfg = Release|Any CPU
		{73B4675E-5942-4DC8-8E86-18BBA5ED6DCF}.Release|Any CPU.Build.0 = Release|Any CPU
	EndGlobalSection
	GlobalSection(SolutionProperties) = preSolution
		HideSolutionNode = FALSE
	EndGlobalSection
	GlobalSection(NestedProjects) = preSolution
		{3B25168E-B9A6-42FE-96AA-CADC204AEC7D} = {F699EA9E-A548-4702-8C60-090B0B770D46}
		{49806677-90F6-4715-A1D1-9AB777EC154A} = {F699EA9E-A548-4702-8C60-090B0B770D46}
		{868634E9-EFDE-4325-8532-706CC2191C04} = {9717CE5F-6F9A-426F-99B1-E964496E90B7}
		{39088B2B-52BA-4E0A-9B8D-B02050023480} = {92A38728-E6F0-43A1-A579-65508C9045AA}
		{E9EDB57C-3066-4C35-AD07-55800AA11ED8} = {F699EA9E-A548-4702-8C60-090B0B770D46}
		{14043130-526F-476F-B43F-BCCBFF1E28D0} = {F699EA9E-A548-4702-8C60-090B0B770D46}
		{70628596-28AB-4865-80EC-85994E0A8F50} = {F699EA9E-A548-4702-8C60-090B0B770D46}
		{73B4675E-5942-4DC8-8E86-18BBA5ED6DCF} = {9717CE5F-6F9A-426F-99B1-E964496E90B7}
	EndGlobalSection
	GlobalSection(ExtensibilityGlobals) = postSolution
		SolutionGuid = {862A3499-F419-49BB-8BCD-61795BAF8923}
	EndGlobalSection
EndGlobal
