
Microsoft Visual Studio Solution File, Format Version 12.00
# Visual Studio Version 17
VisualStudioVersion = 17.1.32421.90
MinimumVisualStudioVersion = 10.0.40219.1
Project("{2150E333-8FDC-42A3-9474-1A3956D46DE8}") = "Kraken", "Kraken", "{C4DDF074-346C-426B-A9F4-37375255D35E}"
EndProject
Project("{2150E333-8FDC-42A3-9474-1A3956D46DE8}") = "Modules", "Modules", "{92A38728-E6F0-43A1-A579-65508C9045AA}"
EndProject
Project("{2150E333-8FDC-42A3-9474-1A3956D46DE8}") = "Clients", "Clients", "{9717CE5F-6F9A-426F-99B1-E964496E90B7}"
EndProject
Project("{9A19103F-16F7-4668-BE54-9A1E7A4F7556}") = "IdentityManagement", "Modules\IdentityManagement\IdentityManagement.csproj", "{982E8EED-4946-40D7-8765-F5F4C98BEF76}"
EndProject
Project("{9A19103F-16F7-4668-BE54-9A1E7A4F7556}") = "KrakenExample", "Clients\KrakenExample\KrakenExample.csproj", "{B2AD2EF6-BA85-49E5-85A3-3189D972819A}"
EndProject
Project("{9A19103F-16F7-4668-BE54-9A1E7A4F7556}") = "Kraken.Host", "Kraken\Kraken.Host\Kraken.Host.csproj", "{2D95124B-6232-4A38-9A0B-A45ADE395A26}"
EndProject
Project("{9A19103F-16F7-4668-BE54-9A1E7A4F7556}") = "Kraken.Core", "Kraken\Kraken.Core\Kraken.Core.csproj", "{DCDFE4B1-4767-4FC8-B960-ED66380685D7}"
EndProject
Project("{9A19103F-16F7-4668-BE54-9A1E7A4F7556}") = "ModuleEvents", "Modules\ModuleEvents\ModuleEvents.csproj", "{1F8F6B58-68F7-487E-AF9D-D1DC837B204A}"
EndProject
Project("{9A19103F-16F7-4668-BE54-9A1E7A4F7556}") = "ProfileManagement", "Modules\ProfileManagement\ProfileManagement.csproj", "{D987E45A-2181-4A01-A6BF-68DB58BEFE2F}"
EndProject
Project("{9A19103F-16F7-4668-BE54-9A1E7A4F7556}") = "Support", "Modules\Support\Support.csproj", "{692B8267-F61F-4796-8F00-873EB3692D24}"
EndProject
Project("{FAE04EC0-301F-11D3-BF4B-00C04F79EFBC}") = "Kraken.Module", "Kraken\Kraken.Module\Kraken.Module.csproj", "{3B25168E-B9A6-42FE-96AA-CADC204AEC7D}"
EndProject
Project("{FAE04EC0-301F-11D3-BF4B-00C04F79EFBC}") = "Kraken.Standard", "Kraken\Kraken.Standard\Kraken.Standard.csproj", "{EDA7ACC1-651E-4B64-A928-0213BEB7AD0D}"
EndProject
Project("{FAE04EC0-301F-11D3-BF4B-00C04F79EFBC}") = "Kraken.Server", "Kraken\Kraken.Server\Kraken.Server.csproj", "{49806677-90F6-4715-A1D1-9AB777EC154A}"
EndProject
Project("{FAE04EC0-301F-11D3-BF4B-00C04F79EFBC}") = "KrakenThreeApi", "Clients\KrakenThreeApi\KrakenThreeApi.csproj", "{868634E9-EFDE-4325-8532-706CC2191C04}"
EndProject
Global
	GlobalSection(SolutionConfigurationPlatforms) = preSolution
		Debug|Any CPU = Debug|Any CPU
		Release|Any CPU = Release|Any CPU
	EndGlobalSection
	GlobalSection(ProjectConfigurationPlatforms) = postSolution
		{982E8EED-4946-40D7-8765-F5F4C98BEF76}.Debug|Any CPU.ActiveCfg = Debug|Any CPU
		{982E8EED-4946-40D7-8765-F5F4C98BEF76}.Debug|Any CPU.Build.0 = Debug|Any CPU
		{982E8EED-4946-40D7-8765-F5F4C98BEF76}.Release|Any CPU.ActiveCfg = Release|Any CPU
		{982E8EED-4946-40D7-8765-F5F4C98BEF76}.Release|Any CPU.Build.0 = Release|Any CPU
		{B2AD2EF6-BA85-49E5-85A3-3189D972819A}.Debug|Any CPU.ActiveCfg = Debug|Any CPU
		{B2AD2EF6-BA85-49E5-85A3-3189D972819A}.Debug|Any CPU.Build.0 = Debug|Any CPU
		{B2AD2EF6-BA85-49E5-85A3-3189D972819A}.Release|Any CPU.ActiveCfg = Release|Any CPU
		{B2AD2EF6-BA85-49E5-85A3-3189D972819A}.Release|Any CPU.Build.0 = Release|Any CPU
		{2D95124B-6232-4A38-9A0B-A45ADE395A26}.Debug|Any CPU.ActiveCfg = Debug|Any CPU
		{2D95124B-6232-4A38-9A0B-A45ADE395A26}.Debug|Any CPU.Build.0 = Debug|Any CPU
		{2D95124B-6232-4A38-9A0B-A45ADE395A26}.Release|Any CPU.ActiveCfg = Release|Any CPU
		{2D95124B-6232-4A38-9A0B-A45ADE395A26}.Release|Any CPU.Build.0 = Release|Any CPU
		{DCDFE4B1-4767-4FC8-B960-ED66380685D7}.Debug|Any CPU.ActiveCfg = Debug|Any CPU
		{DCDFE4B1-4767-4FC8-B960-ED66380685D7}.Debug|Any CPU.Build.0 = Debug|Any CPU
		{DCDFE4B1-4767-4FC8-B960-ED66380685D7}.Release|Any CPU.ActiveCfg = Release|Any CPU
		{DCDFE4B1-4767-4FC8-B960-ED66380685D7}.Release|Any CPU.Build.0 = Release|Any CPU
		{1F8F6B58-68F7-487E-AF9D-D1DC837B204A}.Debug|Any CPU.ActiveCfg = Debug|Any CPU
		{1F8F6B58-68F7-487E-AF9D-D1DC837B204A}.Debug|Any CPU.Build.0 = Debug|Any CPU
		{1F8F6B58-68F7-487E-AF9D-D1DC837B204A}.Release|Any CPU.ActiveCfg = Release|Any CPU
		{1F8F6B58-68F7-487E-AF9D-D1DC837B204A}.Release|Any CPU.Build.0 = Release|Any CPU
		{D987E45A-2181-4A01-A6BF-68DB58BEFE2F}.Debug|Any CPU.ActiveCfg = Debug|Any CPU
		{D987E45A-2181-4A01-A6BF-68DB58BEFE2F}.Debug|Any CPU.Build.0 = Debug|Any CPU
		{D987E45A-2181-4A01-A6BF-68DB58BEFE2F}.Release|Any CPU.ActiveCfg = Release|Any CPU
		{D987E45A-2181-4A01-A6BF-68DB58BEFE2F}.Release|Any CPU.Build.0 = Release|Any CPU
		{692B8267-F61F-4796-8F00-873EB3692D24}.Debug|Any CPU.ActiveCfg = Debug|Any CPU
		{692B8267-F61F-4796-8F00-873EB3692D24}.Debug|Any CPU.Build.0 = Debug|Any CPU
		{692B8267-F61F-4796-8F00-873EB3692D24}.Release|Any CPU.ActiveCfg = Release|Any CPU
		{692B8267-F61F-4796-8F00-873EB3692D24}.Release|Any CPU.Build.0 = Release|Any CPU
		{3B25168E-B9A6-42FE-96AA-CADC204AEC7D}.Debug|Any CPU.ActiveCfg = Debug|Any CPU
		{3B25168E-B9A6-42FE-96AA-CADC204AEC7D}.Debug|Any CPU.Build.0 = Debug|Any CPU
		{3B25168E-B9A6-42FE-96AA-CADC204AEC7D}.Release|Any CPU.ActiveCfg = Release|Any CPU
		{3B25168E-B9A6-42FE-96AA-CADC204AEC7D}.Release|Any CPU.Build.0 = Release|Any CPU
		{EDA7ACC1-651E-4B64-A928-0213BEB7AD0D}.Debug|Any CPU.ActiveCfg = Debug|Any CPU
		{EDA7ACC1-651E-4B64-A928-0213BEB7AD0D}.Debug|Any CPU.Build.0 = Debug|Any CPU
		{EDA7ACC1-651E-4B64-A928-0213BEB7AD0D}.Release|Any CPU.ActiveCfg = Release|Any CPU
		{EDA7ACC1-651E-4B64-A928-0213BEB7AD0D}.Release|Any CPU.Build.0 = Release|Any CPU
		{49806677-90F6-4715-A1D1-9AB777EC154A}.Debug|Any CPU.ActiveCfg = Debug|Any CPU
		{49806677-90F6-4715-A1D1-9AB777EC154A}.Debug|Any CPU.Build.0 = Debug|Any CPU
		{49806677-90F6-4715-A1D1-9AB777EC154A}.Release|Any CPU.ActiveCfg = Release|Any CPU
		{49806677-90F6-4715-A1D1-9AB777EC154A}.Release|Any CPU.Build.0 = Release|Any CPU
		{868634E9-EFDE-4325-8532-706CC2191C04}.Debug|Any CPU.ActiveCfg = Debug|Any CPU
		{868634E9-EFDE-4325-8532-706CC2191C04}.Debug|Any CPU.Build.0 = Debug|Any CPU
		{868634E9-EFDE-4325-8532-706CC2191C04}.Release|Any CPU.ActiveCfg = Release|Any CPU
		{868634E9-EFDE-4325-8532-706CC2191C04}.Release|Any CPU.Build.0 = Release|Any CPU
	EndGlobalSection
	GlobalSection(SolutionProperties) = preSolution
		HideSolutionNode = FALSE
	EndGlobalSection
	GlobalSection(NestedProjects) = preSolution
		{982E8EED-4946-40D7-8765-F5F4C98BEF76} = {92A38728-E6F0-43A1-A579-65508C9045AA}
		{B2AD2EF6-BA85-49E5-85A3-3189D972819A} = {9717CE5F-6F9A-426F-99B1-E964496E90B7}
		{2D95124B-6232-4A38-9A0B-A45ADE395A26} = {C4DDF074-346C-426B-A9F4-37375255D35E}
		{DCDFE4B1-4767-4FC8-B960-ED66380685D7} = {C4DDF074-346C-426B-A9F4-37375255D35E}
		{1F8F6B58-68F7-487E-AF9D-D1DC837B204A} = {92A38728-E6F0-43A1-A579-65508C9045AA}
		{D987E45A-2181-4A01-A6BF-68DB58BEFE2F} = {92A38728-E6F0-43A1-A579-65508C9045AA}
		{692B8267-F61F-4796-8F00-873EB3692D24} = {92A38728-E6F0-43A1-A579-65508C9045AA}
		{3B25168E-B9A6-42FE-96AA-CADC204AEC7D} = {C4DDF074-346C-426B-A9F4-37375255D35E}
		{EDA7ACC1-651E-4B64-A928-0213BEB7AD0D} = {C4DDF074-346C-426B-A9F4-37375255D35E}
		{49806677-90F6-4715-A1D1-9AB777EC154A} = {C4DDF074-346C-426B-A9F4-37375255D35E}
		{868634E9-EFDE-4325-8532-706CC2191C04} = {9717CE5F-6F9A-426F-99B1-E964496E90B7}
	EndGlobalSection
	GlobalSection(ExtensibilityGlobals) = postSolution
		SolutionGuid = {862A3499-F419-49BB-8BCD-61795BAF8923}
	EndGlobalSection
EndGlobal
